
Microsoft Visual Studio Solution File, Format Version 12.00
# Visual Studio Version 16
VisualStudioVersion = 16.0.30204.135
MinimumVisualStudioVersion = 10.0.40219.1
Project("{9A19103F-16F7-4668-BE54-9A1E7A4F7556}") = "Kungsbacka.CommonExtensions", "Kungsbacka.CommonExtensions\Kungsbacka.CommonExtensions.csproj", "{766B62E7-0420-4E1E-B13A-821BE406F84B}"
EndProject
Project("{FAE04EC0-301F-11D3-BF4B-00C04F79EFBC}") = "Kungsbacka.CommonExtensions.Tests", "Kungsbacka.CommonExtensions.Test\Kungsbacka.CommonExtensions.Tests.csproj", "{04165B39-39EA-40C3-955F-FBC8DBF44BC4}"
EndProject
Global
	GlobalSection(SolutionConfigurationPlatforms) = preSolution
		Debug|Any CPU = Debug|Any CPU
		Release|Any CPU = Release|Any CPU
	EndGlobalSection
	GlobalSection(ProjectConfigurationPlatforms) = postSolution
		{766B62E7-0420-4E1E-B13A-821BE406F84B}.Debug|Any CPU.ActiveCfg = Debug|Any CPU
		{766B62E7-0420-4E1E-B13A-821BE406F84B}.Debug|Any CPU.Build.0 = Debug|Any CPU
		{766B62E7-0420-4E1E-B13A-821BE406F84B}.Release|Any CPU.ActiveCfg = Release|Any CPU
		{766B62E7-0420-4E1E-B13A-821BE406F84B}.Release|Any CPU.Build.0 = Release|Any CPU
		{04165B39-39EA-40C3-955F-FBC8DBF44BC4}.Debug|Any CPU.ActiveCfg = Debug|Any CPU
		{04165B39-39EA-40C3-955F-FBC8DBF44BC4}.Debug|Any CPU.Build.0 = Debug|Any CPU
		{04165B39-39EA-40C3-955F-FBC8DBF44BC4}.Release|Any CPU.ActiveCfg = Release|Any CPU
		{04165B39-39EA-40C3-955F-FBC8DBF44BC4}.Release|Any CPU.Build.0 = Release|Any CPU
	EndGlobalSection
	GlobalSection(SolutionProperties) = preSolution
		HideSolutionNode = FALSE
	EndGlobalSection
	GlobalSection(ExtensibilityGlobals) = postSolution
		SolutionGuid = {1403945F-D25B-4226-B0D6-720EEA0ABE7C}
	EndGlobalSection
EndGlobal
